
Microsoft Visual Studio Solution File, Format Version 12.00
# Visual Studio 2013
VisualStudioVersion = 12.0.21005.1
MinimumVisualStudioVersion = 10.0.40219.1
Project("{FAE04EC0-301F-11D3-BF4B-00C04F79EFBC}") = "GeneratedRPGGame", "GeneratedRPGGame\GeneratedRPGGame.csproj", "{6A999FCD-84E8-4DCE-99CE-1BE677644F92}"
EndProject
Project("{FAE04EC0-301F-11D3-BF4B-00C04F79EFBC}") = "GeneratedRPGGameContent", "GeneratedRPGGameContent\GeneratedRPGGameContent.contentproj", "{EC65CE89-9D23-4B71-91FF-B90123698671}"
EndProject
Global
	GlobalSection(SolutionConfigurationPlatforms) = preSolution
		Debug|x86 = Debug|x86
		Release|x86 = Release|x86
	EndGlobalSection
	GlobalSection(ProjectConfigurationPlatforms) = postSolution
		{6A999FCD-84E8-4DCE-99CE-1BE677644F92}.Debug|x86.ActiveCfg = Debug|x86
		{6A999FCD-84E8-4DCE-99CE-1BE677644F92}.Debug|x86.Build.0 = Debug|x86
		{6A999FCD-84E8-4DCE-99CE-1BE677644F92}.Release|x86.ActiveCfg = Release|x86
		{6A999FCD-84E8-4DCE-99CE-1BE677644F92}.Release|x86.Build.0 = Release|x86
		{EC65CE89-9D23-4B71-91FF-B90123698671}.Debug|x86.ActiveCfg = Debug|x86
		{EC65CE89-9D23-4B71-91FF-B90123698671}.Release|x86.ActiveCfg = Release|x86
	EndGlobalSection
	GlobalSection(SolutionProperties) = preSolution
		HideSolutionNode = FALSE
	EndGlobalSection
EndGlobal
